
Microsoft Visual Studio Solution File, Format Version 12.00
# Visual Studio Version 17
VisualStudioVersion = 17.6.33829.357
MinimumVisualStudioVersion = 10.0.40219.1
Project("{FAE04EC0-301F-11D3-BF4B-00C04F79EFBC}") = "PracticalTest", "PracticalTest\PracticalTest.csproj", "{CCDB413A-7A2C-40D6-BC1E-CC1444790C40}"
EndProject
Global
	GlobalSection(SolutionConfigurationPlatforms) = preSolution
		Debug|Any CPU = Debug|Any CPU
		Release|Any CPU = Release|Any CPU
	EndGlobalSection
	GlobalSection(ProjectConfigurationPlatforms) = postSolution
		{CCDB413A-7A2C-40D6-BC1E-CC1444790C40}.Debug|Any CPU.ActiveCfg = Debug|Any CPU
		{CCDB413A-7A2C-40D6-BC1E-CC1444790C40}.Debug|Any CPU.Build.0 = Debug|Any CPU
		{CCDB413A-7A2C-40D6-BC1E-CC1444790C40}.Release|Any CPU.ActiveCfg = Release|Any CPU
		{CCDB413A-7A2C-40D6-BC1E-CC1444790C40}.Release|Any CPU.Build.0 = Release|Any CPU
	EndGlobalSection
	GlobalSection(SolutionProperties) = preSolution
		HideSolutionNode = FALSE
	EndGlobalSection
	GlobalSection(ExtensibilityGlobals) = postSolution
		SolutionGuid = {5129B312-491A-4196-A6B8-7295EB981F1B}
	EndGlobalSection
EndGlobal
